# This file is automatically @generated by Cargo.
# It is not intended for manual editing.
[[package]]
name = "cc"
version = "1.0.47"
source = "registry+https://github.com/rust-lang/crates.io-index"

[[package]]
name = "nox"
version = "0.1.0"
dependencies = [
 "rlvm 0.0.2 (git+ssh://git@framagit.org/antoyo/rlvm.git)",
]

[[package]]
name = "rlvm"
version = "0.0.2"
source = "git+ssh://git@framagit.org/antoyo/rlvm.git#dd3df9bc0161c8a274a3f4990373e82b1367189a"
dependencies = [
 "cc 1.0.47 (registry+https://github.com/rust-lang/crates.io-index)",
]

[metadata]
"checksum cc 1.0.47 (registry+https://github.com/rust-lang/crates.io-index)" = "aa87058dce70a3ff5621797f1506cb837edd02ac4c0ae642b4542dce802908b8"
"checksum rlvm 0.0.2 (git+ssh://git@framagit.org/antoyo/rlvm.git)" = "<none>"
